// !$*UTF8*$!
{
	archiveVersion = 1;
	classes = {
	};
	objectVersion = 48;
	objects = {

/* Begin PBXBuildFile section */
		ACED534420B6C86D001A6830 /* AppDelegate.swift in Sources */ = {isa = PBXBuildFile; fileRef = ACED534320B6C86D001A6830 /* AppDelegate.swift */; };
		ACED534620B6C86D001A6830 /* ViewController.swift in Sources */ = {isa = PBXBuildFile; fileRef = ACED534520B6C86D001A6830 /* ViewController.swift */; };
		ACED534920B6C86D001A6830 /* Main.storyboard in Resources */ = {isa = PBXBuildFile; fileRef = ACED534720B6C86D001A6830 /* Main.storyboard */; };
		ACED534B20B6C86D001A6830 /* Assets.xcassets in Resources */ = {isa = PBXBuildFile; fileRef = ACED534A20B6C86D001A6830 /* Assets.xcassets */; };
		ACED534E20B6C86D001A6830 /* LaunchScreen.storyboard in Resources */ = {isa = PBXBuildFile; fileRef = ACED534C20B6C86D001A6830 /* LaunchScreen.storyboard */; };
		ACED535920B6C91C001A6830 /* MoneyModel.swift in Sources */ = {isa = PBXBuildFile; fileRef = ACED535820B6C91C001A6830 /* MoneyModel.swift */; };
/* End PBXBuildFile section */

/* Begin PBXFileReference section */
		ACED534020B6C86D001A6830 /* MVC Kullanimi.app */ = {isa = PBXFileReference; explicitFileType = wrapper.application; includeInIndex = 0; path = "MVC Kullanimi.app"; sourceTree = BUILT_PRODUCTS_DIR; };
		ACED534320B6C86D001A6830 /* AppDelegate.swift */ = {isa = PBXFileReference; lastKnownFileType = sourcecode.swift; path = AppDelegate.swift; sourceTree = "<group>"; };
		ACED534520B6C86D001A6830 /* ViewController.swift */ = {isa = PBXFileReference; lastKnownFileType = sourcecode.swift; path = ViewController.swift; sourceTree = "<group>"; };
		ACED534820B6C86D001A6830 /* Base */ = {isa = PBXFileReference; lastKnownFileType = file.storyboard; name = Base; path = Base.lproj/Main.storyboard; sourceTree = "<group>"; };
		ACED534A20B6C86D001A6830 /* Assets.xcassets */ = {isa = PBXFileReference; lastKnownFileType = folder.assetcatalog; path = Assets.xcassets; sourceTree = "<group>"; };
		ACED534D20B6C86D001A6830 /* Base */ = {isa = PBXFileReference; lastKnownFileType = file.storyboard; name = Base; path = Base.lproj/LaunchScreen.storyboard; sourceTree = "<group>"; };
		ACED534F20B6C86D001A6830 /* Info.plist */ = {isa = PBXFileReference; lastKnownFileType = text.plist.xml; path = Info.plist; sourceTree = "<group>"; };
		ACED535820B6C91C001A6830 /* MoneyModel.swift */ = {isa = PBXFileReference; lastKnownFileType = sourcecode.swift; path = MoneyModel.swift; sourceTree = "<group>"; };
/* End PBXFileReference section */

/* Begin PBXFrameworksBuildPhase section */
		ACED533D20B6C86D001A6830 /* Frameworks */ = {
			isa = PBXFrameworksBuildPhase;
			buildActionMask = 2147483647;
			files = (
			);
			runOnlyForDeploymentPostprocessing = 0;
		};
/* End PBXFrameworksBuildPhase section */

/* Begin PBXGroup section */
		ACED533720B6C86C001A6830 = {
			isa = PBXGroup;
			children = (
				ACED534220B6C86D001A6830 /* MVC Kullanimi */,
				ACED534120B6C86D001A6830 /* Products */,
			);
			sourceTree = "<group>";
		};
		ACED534120B6C86D001A6830 /* Products */ = {
			isa = PBXGroup;
			children = (
				ACED534020B6C86D001A6830 /* MVC Kullanimi.app */,
			);
			name = Products;
			sourceTree = "<group>";
		};
		ACED534220B6C86D001A6830 /* MVC Kullanimi */ = {
			isa = PBXGroup;
			children = (
				ACED535720B6C8AD001A6830 /* View */,
				ACED535620B6C8A3001A6830 /* Controller */,
				ACED535520B6C877001A6830 /* Model */,
				ACED534320B6C86D001A6830 /* AppDelegate.swift */,
				ACED534720B6C86D001A6830 /* Main.storyboard */,
				ACED534A20B6C86D001A6830 /* Assets.xcassets */,
				ACED534C20B6C86D001A6830 /* LaunchScreen.storyboard */,
				ACED534F20B6C86D001A6830 /* Info.plist */,
			);
			path = "MVC Kullanimi";
			sourceTree = "<group>";
		};
		ACED535520B6C877001A6830 /* Model */ = {
			isa = PBXGroup;
			children = (
				ACED535820B6C91C001A6830 /* MoneyModel.swift */,
			);
			path = Model;
			sourceTree = "<group>";
		};
		ACED535620B6C8A3001A6830 /* Controller */ = {
			isa = PBXGroup;
			children = (
				ACED534520B6C86D001A6830 /* ViewController.swift */,
			);
			path = Controller;
			sourceTree = "<group>";
		};
		ACED535720B6C8AD001A6830 /* View */ = {
			isa = PBXGroup;
			children = (
			);
			path = View;
			sourceTree = "<group>";
		};
/* End PBXGroup section */

/* Begin PBXNativeTarget section */
		ACED533F20B6C86D001A6830 /* MVC Kullanimi */ = {
			isa = PBXNativeTarget;
			buildConfigurationList = ACED535220B6C86D001A6830 /* Build configuration list for PBXNativeTarget "MVC Kullanimi" */;
			buildPhases = (
				ACED533C20B6C86D001A6830 /* Sources */,
				ACED533D20B6C86D001A6830 /* Frameworks */,
				ACED533E20B6C86D001A6830 /* Resources */,
			);
			buildRules = (
			);
			dependencies = (
			);
			name = "MVC Kullanimi";
			productName = "MVC Kullanimi";
			productReference = ACED534020B6C86D001A6830 /* MVC Kullanimi.app */;
			productType = "com.apple.product-type.application";
		};
/* End PBXNativeTarget section */

/* Begin PBXProject section */
		ACED533820B6C86D001A6830 /* Project object */ = {
			isa = PBXProject;
			attributes = {
				LastSwiftUpdateCheck = 0920;
				LastUpgradeCheck = 0920;
				ORGANIZATIONNAME = "fatih acar";
				TargetAttributes = {
					ACED533F20B6C86D001A6830 = {
						CreatedOnToolsVersion = 9.2;
						ProvisioningStyle = Automatic;
					};
				};
			};
			buildConfigurationList = ACED533B20B6C86D001A6830 /* Build configuration list for PBXProject "MVC Kullanimi" */;
			compatibilityVersion = "Xcode 8.0";
			developmentRegion = en;
			hasScannedForEncodings = 0;
			knownRegions = (
				en,
				Base,
			);
			mainGroup = ACED533720B6C86C001A6830;
			productRefGroup = ACED534120B6C86D001A6830 /* Products */;
			projectDirPath = "";
			projectRoot = "";
			targets = (
				ACED533F20B6C86D001A6830 /* MVC Kullanimi */,
			);
		};
/* End PBXProject section */

/* Begin PBXResourcesBuildPhase section */
		ACED533E20B6C86D001A6830 /* Resources */ = {
			isa = PBXResourcesBuildPhase;
			buildActionMask = 2147483647;
			files = (
				ACED534E20B6C86D001A6830 /* LaunchScreen.storyboard in Resources */,
				ACED534B20B6C86D001A6830 /* Assets.xcassets in Resources */,
				ACED534920B6C86D001A6830 /* Main.storyboard in Resources */,
			);
			runOnlyForDeploymentPostprocessing = 0;
		};
/* End PBXResourcesBuildPhase section */

/* Begin PBXSourcesBuildPhase section */
		ACED533C20B6C86D001A6830 /* Sources */ = {
			isa = PBXSourcesBuildPhase;
			buildActionMask = 2147483647;
			files = (
				ACED535920B6C91C001A6830 /* MoneyModel.swift in Sources */,
				ACED534620B6C86D001A6830 /* ViewController.swift in Sources */,
				ACED534420B6C86D001A6830 /* AppDelegate.swift in Sources */,
			);
			runOnlyForDeploymentPostprocessing = 0;
		};
/* End PBXSourcesBuildPhase section */

/* Begin PBXVariantGroup section */
		ACED534720B6C86D001A6830 /* Main.storyboard */ = {
			isa = PBXVariantGroup;
			children = (
				ACED534820B6C86D001A6830 /* Base */,
			);
			name = Main.storyboard;
			sourceTree = "<group>";
		};
		ACED534C20B6C86D001A6830 /* LaunchScreen.storyboard */ = {
			isa = PBXVariantGroup;
			children = (
				ACED534D20B6C86D001A6830 /* Base */,
			);
			name = LaunchScreen.storyboard;
			sourceTree = "<group>";
		};
/* End PBXVariantGroup section */

/* Begin XCBuildConfiguration section */
		ACED535020B6C86D001A6830 /* Debug */ = {
			isa = XCBuildConfiguration;
			buildSettings = {
				ALWAYS_SEARCH_USER_PATHS = NO;
				CLANG_ANALYZER_NONNULL = YES;
				CLANG_ANALYZER_NUMBER_OBJECT_CONVERSION = YES_AGGRESSIVE;
				CLANG_CXX_LANGUAGE_STANDARD = "gnu++14";
				CLANG_CXX_LIBRARY = "libc++";
				CLANG_ENABLE_MODULES = YES;
				CLANG_ENABLE_OBJC_ARC = YES;
				CLANG_WARN_BLOCK_CAPTURE_AUTORELEASING = YES;
				CLANG_WARN_BOOL_CONVERSION = YES;
				CLANG_WARN_COMMA = YES;
				CLANG_WARN_CONSTANT_CONVERSION = YES;
				CLANG_WARN_DIRECT_OBJC_ISA_USAGE = YES_ERROR;
				CLANG_WARN_DOCUMENTATION_COMMENTS = YES;
				CLANG_WARN_EMPTY_BODY = YES;
				CLANG_WARN_ENUM_CONVERSION = YES;
				CLANG_WARN_INFINITE_RECURSION = YES;
				CLANG_WARN_INT_CONVERSION = YES;
				CLANG_WARN_NON_LITERAL_NULL_CONVERSION = YES;
				CLANG_WARN_OBJC_LITERAL_CONVERSION = YES;
				CLANG_WARN_OBJC_ROOT_CLASS = YES_ERROR;
				CLANG_WARN_RANGE_LOOP_ANALYSIS = YES;
				CLANG_WARN_STRICT_PROTOTYPES = YES;
				CLANG_WARN_SUSPICIOUS_MOVE = YES;
				CLANG_WARN_UNGUARDED_AVAILABILITY = YES_AGGRESSIVE;
				CLANG_WARN_UNREACHABLE_CODE = YES;
				CLANG_WARN__DUPLICATE_METHOD_MATCH = YES;
				CODE_SIGN_IDENTITY = "iPhone Developer";
				COPY_PHASE_STRIP = NO;
				DEBUG_INFORMATION_FORMAT = dwarf;
				ENABLE_STRICT_OBJC_MSGSEND = YES;
				ENABLE_TESTABILITY = YES;
				GCC_C_LANGUAGE_STANDARD = gnu11;
				GCC_DYNAMIC_NO_PIC = NO;
				GCC_NO_COMMON_BLOCKS = YES;
				GCC_OPTIMIZATION_LEVEL = 0;
				GCC_PREPROCESSOR_DEFINITIONS = (
					"DEBUG=1",
					"$(inherited)",
				);
				GCC_WARN_64_TO_32_BIT_CONVERSION = YES;
				GCC_WARN_ABOUT_RETURN_TYPE = YES_ERROR;
				GCC_WARN_UNDECLARED_SELECTOR = YES;
				GCC_WARN_UNINITIALIZED_AUTOS = YES_AGGRESSIVE;
				GCC_WARN_UNUSED_FUNCTION = YES;
				GCC_WARN_UNUSED_VARIABLE = YES;
				IPHONEOS_DEPLOYMENT_TARGET = 11.2;
				MTL_ENABLE_DEBUG_INFO = YES;
				ONLY_ACTIVE_ARCH = YES;
				SDKROOT = iphoneos;
				SWIFT_ACTIVE_COMPILATION_CONDITIONS = DEBUG;
				SWIFT_OPTIMIZATION_LEVEL = "-Onone";
			};
			name = Debug;
		};
		ACED535120B6C86D001A6830 /* Release */ = {
			isa = XCBuildConfiguration;
			buildSettings = {
				ALWAYS_SEARCH_USER_PATHS = NO;
				CLANG_ANALYZER_NONNULL = YES;
				CLANG_ANALYZER_NUMBER_OBJECT_CONVERSION = YES_AGGRESSIVE;
				CLANG_CXX_LANGUAGE_STANDARD = "gnu++14";
				CLANG_CXX_LIBRARY = "libc++";
				CLANG_ENABLE_MODULES = YES;
				CLANG_ENABLE_OBJC_ARC = YES;
				CLANG_WARN_BLOCK_CAPTURE_AUTORELEASING = YES;
				CLANG_WARN_BOOL_CONVERSION = YES;
				CLANG_WARN_COMMA = YES;
				CLANG_WARN_CONSTANT_CONVERSION = YES;
				CLANG_WARN_DIRECT_OBJC_ISA_USAGE = YES_ERROR;
				CLANG_WARN_DOCUMENTATION_COMMENTS = YES;
				CLANG_WARN_EMPTY_BODY = YES;
				CLANG_WARN_ENUM_CONVERSION = YES;
				CLANG_WARN_INFINITE_RECURSION = YES;
				CLANG_WARN_INT_CONVERSION = YES;
				CLANG_WARN_NON_LITERAL_NULL_CONVERSION = YES;
				CLANG_WARN_OBJC_LITERAL_CONVERSION = YES;
				CLANG_WARN_OBJC_ROOT_CLASS = YES_ERROR;
				CLANG_WARN_RANGE_LOOP_ANALYSIS = YES;
				CLANG_WARN_STRICT_PROTOTYPES = YES;
				CLANG_WARN_SUSPICIOUS_MOVE = YES;
				CLANG_WARN_UNGUARDED_AVAILABILITY = YES_AGGRESSIVE;
				CLANG_WARN_UNREACHABLE_CODE = YES;
				CLANG_WARN__DUPLICATE_METHOD_MATCH = YES;
				CODE_SIGN_IDENTITY = "iPhone Developer";
				COPY_PHASE_STRIP = NO;
				DEBUG_INFORMATION_FORMAT = "dwarf-with-dsym";
				ENABLE_NS_ASSERTIONS = NO;
				ENABLE_STRICT_OBJC_MSGSEND = YES;
				GCC_C_LANGUAGE_STANDARD = gnu11;
				GCC_NO_COMMON_BLOCKS = YES;
				GCC_WARN_64_TO_32_BIT_CONVERSION = YES;
				GCC_WARN_ABOUT_RETURN_TYPE = YES_ERROR;
				GCC_WARN_UNDECLARED_SELECTOR = YES;
				GCC_WARN_UNINITIALIZED_AUTOS = YES_AGGRESSIVE;
				GCC_WARN_UNUSED_FUNCTION = YES;
				GCC_WARN_UNUSED_VARIABLE = YES;
				IPHONEOS_DEPLOYMENT_TARGET = 11.2;
				MTL_ENABLE_DEBUG_INFO = NO;
				SDKROOT = iphoneos;
				SWIFT_OPTIMIZATION_LEVEL = "-Owholemodule";
				VALIDATE_PRODUCT = YES;
			};
			name = Release;
		};
		ACED535320B6C86D001A6830 /* Debug */ = {
			isa = XCBuildConfiguration;
			buildSettings = {
				ASSETCATALOG_COMPILER_APPICON_NAME = AppIcon;
				CODE_SIGN_STYLE = Automatic;
				DEVELOPMENT_TEAM = ZFE983N23N;
				INFOPLIST_FILE = "MVC Kullanimi/Info.plist";
				LD_RUNPATH_SEARCH_PATHS = "$(inherited) @executable_path/Frameworks";
				PRODUCT_BUNDLE_IDENTIFIER = "com.trkaynak.MVC-Kullanimi";
				PRODUCT_NAME = "$(TARGET_NAME)";
				SWIFT_VERSION = 4.0;
				TARGETED_DEVICE_FAMILY = "1,2";
			};
			name = Debug;
		};
		ACED535420B6C86D001A6830 /* Release */ = {
			isa = XCBuildConfiguration;
			buildSettings = {
				ASSETCATALOG_COMPILER_APPICON_NAME = AppIcon;
				CODE_SIGN_STYLE = Automatic;
				DEVELOPMENT_TEAM = ZFE983N23N;
				INFOPLIST_FILE = "MVC Kullanimi/Info.plist";
				LD_RUNPATH_SEARCH_PATHS = "$(inherited) @executable_path/Frameworks";
				PRODUCT_BUNDLE_IDENTIFIER = "com.trkaynak.MVC-Kullanimi";
				PRODUCT_NAME = "$(TARGET_NAME)";
				SWIFT_VERSION = 4.0;
				TARGETED_DEVICE_FAMILY = "1,2";
			};
			name = Release;
		};
/* End XCBuildConfiguration section */

/* Begin XCConfigurationList section */
		ACED533B20B6C86D001A6830 /* Build configuration list for PBXProject "MVC Kullanimi" */ = {
			isa = XCConfigurationList;
			buildConfigurations = (
				ACED535020B6C86D001A6830 /* Debug */,
				ACED535120B6C86D001A6830 /* Release */,
			);
			defaultConfigurationIsVisible = 0;
			defaultConfigurationName = Release;
		};
		ACED535220B6C86D001A6830 /* Build configuration list for PBXNativeTarget "MVC Kullanimi" */ = {
			isa = XCConfigurationList;
			buildConfigurations = (
				ACED535320B6C86D001A6830 /* Debug */,
				ACED535420B6C86D001A6830 /* Release */,
			);
			defaultConfigurationIsVisible = 0;
			defaultConfigurationName = Release;
		};
/* End XCConfigurationList section */
	};
	rootObject = ACED533820B6C86D001A6830 /* Project object */;
}
